
Microsoft Visual Studio Solution File, Format Version 12.00
# Visual Studio Version 17
VisualStudioVersion = 17.14.36202.13 d17.14
MinimumVisualStudioVersion = 10.0.40219.1
Project("{FAE04EC0-301F-11D3-BF4B-00C04F79EFBC}") = "Repaso01", "Repaso01\Repaso01.csproj", "{07A2E420-36C9-495F-A741-0C2E3995FA31}"
EndProject
Global
	GlobalSection(SolutionConfigurationPlatforms) = preSolution
		Debug|Any CPU = Debug|Any CPU
		Release|Any CPU = Release|Any CPU
	EndGlobalSection
	GlobalSection(ProjectConfigurationPlatforms) = postSolution
		{07A2E420-36C9-495F-A741-0C2E3995FA31}.Debug|Any CPU.ActiveCfg = Debug|Any CPU
		{07A2E420-36C9-495F-A741-0C2E3995FA31}.Debug|Any CPU.Build.0 = Debug|Any CPU
		{07A2E420-36C9-495F-A741-0C2E3995FA31}.Release|Any CPU.ActiveCfg = Release|Any CPU
		{07A2E420-36C9-495F-A741-0C2E3995FA31}.Release|Any CPU.Build.0 = Release|Any CPU
	EndGlobalSection
	GlobalSection(SolutionProperties) = preSolution
		HideSolutionNode = FALSE
	EndGlobalSection
	GlobalSection(ExtensibilityGlobals) = postSolution
		SolutionGuid = {436FA2AE-401F-4AF7-ADD8-D9DE23DDF1D7}
	EndGlobalSection
EndGlobal
