
Microsoft Visual Studio Solution File, Format Version 12.00
# Visual Studio Version 17
VisualStudioVersion = 17.14.36414.22 d17.14
MinimumVisualStudioVersion = 10.0.40219.1
Project("{FAE04EC0-301F-11D3-BF4B-00C04F79EFBC}") = "ariketa09", "ariketa09\ariketa09.csproj", "{B484460F-0320-49C4-943D-03CE8CF254E7}"
EndProject
Global
	GlobalSection(SolutionConfigurationPlatforms) = preSolution
		Debug|Any CPU = Debug|Any CPU
		Release|Any CPU = Release|Any CPU
	EndGlobalSection
	GlobalSection(ProjectConfigurationPlatforms) = postSolution
		{B484460F-0320-49C4-943D-03CE8CF254E7}.Debug|Any CPU.ActiveCfg = Debug|Any CPU
		{B484460F-0320-49C4-943D-03CE8CF254E7}.Debug|Any CPU.Build.0 = Debug|Any CPU
		{B484460F-0320-49C4-943D-03CE8CF254E7}.Release|Any CPU.ActiveCfg = Release|Any CPU
		{B484460F-0320-49C4-943D-03CE8CF254E7}.Release|Any CPU.Build.0 = Release|Any CPU
	EndGlobalSection
	GlobalSection(SolutionProperties) = preSolution
		HideSolutionNode = FALSE
	EndGlobalSection
	GlobalSection(ExtensibilityGlobals) = postSolution
		SolutionGuid = {FFE2D2E7-0B2E-472F-853B-551A68204DE5}
	EndGlobalSection
EndGlobal
